// !$*UTF8*$!
{
	archiveVersion = 1;
	classes = {
	};
	objectVersion = 56;
	objects = {

/* Begin PBXBuildFile section */
		8CA840BD2A53F53C0039CE51 /* AppDelegate.swift in Sources */ = {isa = PBXBuildFile; fileRef = 8CA840BC2A53F53C0039CE51 /* AppDelegate.swift */; };
		8CA840BF2A53F53C0039CE51 /* SceneDelegate.swift in Sources */ = {isa = PBXBuildFile; fileRef = 8CA840BE2A53F53C0039CE51 /* SceneDelegate.swift */; };
		8CA840C12A53F53C0039CE51 /* ViewController.swift in Sources */ = {isa = PBXBuildFile; fileRef = 8CA840C02A53F53C0039CE51 /* ViewController.swift */; };
		8CA840C42A53F53C0039CE51 /* Main.storyboard in Resources */ = {isa = PBXBuildFile; fileRef = 8CA840C22A53F53C0039CE51 /* Main.storyboard */; };
		8CA840C62A53F53C0039CE51 /* Assets.xcassets in Resources */ = {isa = PBXBuildFile; fileRef = 8CA840C52A53F53C0039CE51 /* Assets.xcassets */; };
		8CA840C92A53F53C0039CE51 /* LaunchScreen.storyboard in Resources */ = {isa = PBXBuildFile; fileRef = 8CA840C72A53F53C0039CE51 /* LaunchScreen.storyboard */; };
		8CA840D12A5402190039CE51 /* boardCollectionViewCell.swift in Sources */ = {isa = PBXBuildFile; fileRef = 8CA840D02A5402190039CE51 /* boardCollectionViewCell.swift */; };
		8CE14B682A542D30001E628C /* XShapeView.swift in Sources */ = {isa = PBXBuildFile; fileRef = 8CE14B672A542D30001E628C /* XShapeView.swift */; };
		8CE14B6A2A542D4D001E628C /* OShapeView.swift in Sources */ = {isa = PBXBuildFile; fileRef = 8CE14B692A542D4D001E628C /* OShapeView.swift */; };
		8CE14B6D2A557372001E628C /* scoreBoardView.swift in Sources */ = {isa = PBXBuildFile; fileRef = 8CE14B6C2A557372001E628C /* scoreBoardView.swift */; };
		8CE14B712A55AC59001E628C /* turnView.swift in Sources */ = {isa = PBXBuildFile; fileRef = 8CE14B702A55AC59001E628C /* turnView.swift */; };
		8CE14B732A55B402001E628C /* modeView.swift in Sources */ = {isa = PBXBuildFile; fileRef = 8CE14B722A55B402001E628C /* modeView.swift */; };
/* End PBXBuildFile section */

/* Begin PBXFileReference section */
		8CA840B92A53F53C0039CE51 /* TicTacToe.app */ = {isa = PBXFileReference; explicitFileType = wrapper.application; includeInIndex = 0; path = TicTacToe.app; sourceTree = BUILT_PRODUCTS_DIR; };
		8CA840BC2A53F53C0039CE51 /* AppDelegate.swift */ = {isa = PBXFileReference; lastKnownFileType = sourcecode.swift; path = AppDelegate.swift; sourceTree = "<group>"; };
		8CA840BE2A53F53C0039CE51 /* SceneDelegate.swift */ = {isa = PBXFileReference; lastKnownFileType = sourcecode.swift; path = SceneDelegate.swift; sourceTree = "<group>"; };
		8CA840C02A53F53C0039CE51 /* ViewController.swift */ = {isa = PBXFileReference; lastKnownFileType = sourcecode.swift; path = ViewController.swift; sourceTree = "<group>"; };
		8CA840C32A53F53C0039CE51 /* Base */ = {isa = PBXFileReference; lastKnownFileType = file.storyboard; name = Base; path = Base.lproj/Main.storyboard; sourceTree = "<group>"; };
		8CA840C52A53F53C0039CE51 /* Assets.xcassets */ = {isa = PBXFileReference; lastKnownFileType = folder.assetcatalog; path = Assets.xcassets; sourceTree = "<group>"; };
		8CA840C82A53F53C0039CE51 /* Base */ = {isa = PBXFileReference; lastKnownFileType = file.storyboard; name = Base; path = Base.lproj/LaunchScreen.storyboard; sourceTree = "<group>"; };
		8CA840CA2A53F53C0039CE51 /* Info.plist */ = {isa = PBXFileReference; lastKnownFileType = text.plist.xml; path = Info.plist; sourceTree = "<group>"; };
		8CA840D02A5402190039CE51 /* boardCollectionViewCell.swift */ = {isa = PBXFileReference; lastKnownFileType = sourcecode.swift; path = boardCollectionViewCell.swift; sourceTree = "<group>"; };
		8CE14B672A542D30001E628C /* XShapeView.swift */ = {isa = PBXFileReference; lastKnownFileType = sourcecode.swift; path = XShapeView.swift; sourceTree = "<group>"; };
		8CE14B692A542D4D001E628C /* OShapeView.swift */ = {isa = PBXFileReference; lastKnownFileType = sourcecode.swift; path = OShapeView.swift; sourceTree = "<group>"; };
		8CE14B6C2A557372001E628C /* scoreBoardView.swift */ = {isa = PBXFileReference; lastKnownFileType = sourcecode.swift; path = scoreBoardView.swift; sourceTree = "<group>"; };
		8CE14B702A55AC59001E628C /* turnView.swift */ = {isa = PBXFileReference; lastKnownFileType = sourcecode.swift; path = turnView.swift; sourceTree = "<group>"; };
		8CE14B722A55B402001E628C /* modeView.swift */ = {isa = PBXFileReference; lastKnownFileType = sourcecode.swift; path = modeView.swift; sourceTree = "<group>"; };
/* End PBXFileReference section */

/* Begin PBXFrameworksBuildPhase section */
		8CA840B62A53F53C0039CE51 /* Frameworks */ = {
			isa = PBXFrameworksBuildPhase;
			buildActionMask = 2147483647;
			files = (
			);
			runOnlyForDeploymentPostprocessing = 0;
		};
/* End PBXFrameworksBuildPhase section */

/* Begin PBXGroup section */
		8CA840B02A53F53C0039CE51 = {
			isa = PBXGroup;
			children = (
				8CA840BB2A53F53C0039CE51 /* TicTacToe */,
				8CA840BA2A53F53C0039CE51 /* Products */,
			);
			sourceTree = "<group>";
		};
		8CA840BA2A53F53C0039CE51 /* Products */ = {
			isa = PBXGroup;
			children = (
				8CA840B92A53F53C0039CE51 /* TicTacToe.app */,
			);
			name = Products;
			sourceTree = "<group>";
		};
		8CA840BB2A53F53C0039CE51 /* TicTacToe */ = {
			isa = PBXGroup;
			children = (
				8CE14B6B2A542D77001E628C /* Views */,
				8CA840BC2A53F53C0039CE51 /* AppDelegate.swift */,
				8CA840BE2A53F53C0039CE51 /* SceneDelegate.swift */,
				8CA840C02A53F53C0039CE51 /* ViewController.swift */,
				8CA840C22A53F53C0039CE51 /* Main.storyboard */,
				8CA840C52A53F53C0039CE51 /* Assets.xcassets */,
				8CA840C72A53F53C0039CE51 /* LaunchScreen.storyboard */,
				8CA840CA2A53F53C0039CE51 /* Info.plist */,
			);
			path = TicTacToe;
			sourceTree = "<group>";
		};
		8CE14B6B2A542D77001E628C /* Views */ = {
			isa = PBXGroup;
			children = (
				8CE14B702A55AC59001E628C /* turnView.swift */,
				8CE14B722A55B402001E628C /* modeView.swift */,
				8CE14B672A542D30001E628C /* XShapeView.swift */,
				8CE14B692A542D4D001E628C /* OShapeView.swift */,
				8CE14B6C2A557372001E628C /* scoreBoardView.swift */,
				8CA840D02A5402190039CE51 /* boardCollectionViewCell.swift */,
			);
			path = Views;
			sourceTree = "<group>";
		};
/* End PBXGroup section */

/* Begin PBXNativeTarget section */
		8CA840B82A53F53C0039CE51 /* TicTacToe */ = {
			isa = PBXNativeTarget;
			buildConfigurationList = 8CA840CD2A53F53C0039CE51 /* Build configuration list for PBXNativeTarget "TicTacToe" */;
			buildPhases = (
				8CA840B52A53F53C0039CE51 /* Sources */,
				8CA840B62A53F53C0039CE51 /* Frameworks */,
				8CA840B72A53F53C0039CE51 /* Resources */,
			);
			buildRules = (
			);
			dependencies = (
			);
			name = TicTacToe;
			productName = TicTacToe;
			productReference = 8CA840B92A53F53C0039CE51 /* TicTacToe.app */;
			productType = "com.apple.product-type.application";
		};
/* End PBXNativeTarget section */

/* Begin PBXProject section */
		8CA840B12A53F53C0039CE51 /* Project object */ = {
			isa = PBXProject;
			attributes = {
				BuildIndependentTargetsInParallel = 1;
				LastSwiftUpdateCheck = 1430;
				LastUpgradeCheck = 1430;
				TargetAttributes = {
					8CA840B82A53F53C0039CE51 = {
						CreatedOnToolsVersion = 14.3.1;
					};
				};
			};
			buildConfigurationList = 8CA840B42A53F53C0039CE51 /* Build configuration list for PBXProject "TicTacToe" */;
			compatibilityVersion = "Xcode 14.0";
			developmentRegion = en;
			hasScannedForEncodings = 0;
			knownRegions = (
				en,
				Base,
			);
			mainGroup = 8CA840B02A53F53C0039CE51;
			productRefGroup = 8CA840BA2A53F53C0039CE51 /* Products */;
			projectDirPath = "";
			projectRoot = "";
			targets = (
				8CA840B82A53F53C0039CE51 /* TicTacToe */,
			);
		};
/* End PBXProject section */

/* Begin PBXResourcesBuildPhase section */
		8CA840B72A53F53C0039CE51 /* Resources */ = {
			isa = PBXResourcesBuildPhase;
			buildActionMask = 2147483647;
			files = (
				8CA840C92A53F53C0039CE51 /* LaunchScreen.storyboard in Resources */,
				8CA840C62A53F53C0039CE51 /* Assets.xcassets in Resources */,
				8CA840C42A53F53C0039CE51 /* Main.storyboard in Resources */,
			);
			runOnlyForDeploymentPostprocessing = 0;
		};
/* End PBXResourcesBuildPhase section */

/* Begin PBXSourcesBuildPhase section */
		8CA840B52A53F53C0039CE51 /* Sources */ = {
			isa = PBXSourcesBuildPhase;
			buildActionMask = 2147483647;
			files = (
				8CE14B6A2A542D4D001E628C /* OShapeView.swift in Sources */,
				8CE14B732A55B402001E628C /* modeView.swift in Sources */,
				8CA840C12A53F53C0039CE51 /* ViewController.swift in Sources */,
				8CE14B682A542D30001E628C /* XShapeView.swift in Sources */,
				8CE14B6D2A557372001E628C /* scoreBoardView.swift in Sources */,
				8CA840BD2A53F53C0039CE51 /* AppDelegate.swift in Sources */,
				8CE14B712A55AC59001E628C /* turnView.swift in Sources */,
				8CA840BF2A53F53C0039CE51 /* SceneDelegate.swift in Sources */,
				8CA840D12A5402190039CE51 /* boardCollectionViewCell.swift in Sources */,
			);
			runOnlyForDeploymentPostprocessing = 0;
		};
/* End PBXSourcesBuildPhase section */

/* Begin PBXVariantGroup section */
		8CA840C22A53F53C0039CE51 /* Main.storyboard */ = {
			isa = PBXVariantGroup;
			children = (
				8CA840C32A53F53C0039CE51 /* Base */,
			);
			name = Main.storyboard;
			sourceTree = "<group>";
		};
		8CA840C72A53F53C0039CE51 /* LaunchScreen.storyboard */ = {
			isa = PBXVariantGroup;
			children = (
				8CA840C82A53F53C0039CE51 /* Base */,
			);
			name = LaunchScreen.storyboard;
			sourceTree = "<group>";
		};
/* End PBXVariantGroup section */

/* Begin XCBuildConfiguration section */
		8CA840CB2A53F53C0039CE51 /* Debug */ = {
			isa = XCBuildConfiguration;
			buildSettings = {
				ALWAYS_SEARCH_USER_PATHS = NO;
				CLANG_ANALYZER_NONNULL = YES;
				CLANG_ANALYZER_NUMBER_OBJECT_CONVERSION = YES_AGGRESSIVE;
				CLANG_CXX_LANGUAGE_STANDARD = "gnu++20";
				CLANG_ENABLE_MODULES = YES;
				CLANG_ENABLE_OBJC_ARC = YES;
				CLANG_ENABLE_OBJC_WEAK = YES;
				CLANG_WARN_BLOCK_CAPTURE_AUTORELEASING = YES;
				CLANG_WARN_BOOL_CONVERSION = YES;
				CLANG_WARN_COMMA = YES;
				CLANG_WARN_CONSTANT_CONVERSION = YES;
				CLANG_WARN_DEPRECATED_OBJC_IMPLEMENTATIONS = YES;
				CLANG_WARN_DIRECT_OBJC_ISA_USAGE = YES_ERROR;
				CLANG_WARN_DOCUMENTATION_COMMENTS = YES;
				CLANG_WARN_EMPTY_BODY = YES;
				CLANG_WARN_ENUM_CONVERSION = YES;
				CLANG_WARN_INFINITE_RECURSION = YES;
				CLANG_WARN_INT_CONVERSION = YES;
				CLANG_WARN_NON_LITERAL_NULL_CONVERSION = YES;
				CLANG_WARN_OBJC_IMPLICIT_RETAIN_SELF = YES;
				CLANG_WARN_OBJC_LITERAL_CONVERSION = YES;
				CLANG_WARN_OBJC_ROOT_CLASS = YES_ERROR;
				CLANG_WARN_QUOTED_INCLUDE_IN_FRAMEWORK_HEADER = YES;
				CLANG_WARN_RANGE_LOOP_ANALYSIS = YES;
				CLANG_WARN_STRICT_PROTOTYPES = YES;
				CLANG_WARN_SUSPICIOUS_MOVE = YES;
				CLANG_WARN_UNGUARDED_AVAILABILITY = YES_AGGRESSIVE;
				CLANG_WARN_UNREACHABLE_CODE = YES;
				CLANG_WARN__DUPLICATE_METHOD_MATCH = YES;
				COPY_PHASE_STRIP = NO;
				DEBUG_INFORMATION_FORMAT = dwarf;
				ENABLE_STRICT_OBJC_MSGSEND = YES;
				ENABLE_TESTABILITY = YES;
				GCC_C_LANGUAGE_STANDARD = gnu11;
				GCC_DYNAMIC_NO_PIC = NO;
				GCC_NO_COMMON_BLOCKS = YES;
				GCC_OPTIMIZATION_LEVEL = 0;
				GCC_PREPROCESSOR_DEFINITIONS = (
					"DEBUG=1",
					"$(inherited)",
				);
				GCC_WARN_64_TO_32_BIT_CONVERSION = YES;
				GCC_WARN_ABOUT_RETURN_TYPE = YES_ERROR;
				GCC_WARN_UNDECLARED_SELECTOR = YES;
				GCC_WARN_UNINITIALIZED_AUTOS = YES_AGGRESSIVE;
				GCC_WARN_UNUSED_FUNCTION = YES;
				GCC_WARN_UNUSED_VARIABLE = YES;
				IPHONEOS_DEPLOYMENT_TARGET = 16.4;
				MTL_ENABLE_DEBUG_INFO = INCLUDE_SOURCE;
				MTL_FAST_MATH = YES;
				ONLY_ACTIVE_ARCH = YES;
				SDKROOT = iphoneos;
				SWIFT_ACTIVE_COMPILATION_CONDITIONS = DEBUG;
				SWIFT_OPTIMIZATION_LEVEL = "-Onone";
			};
			name = Debug;
		};
		8CA840CC2A53F53C0039CE51 /* Release */ = {
			isa = XCBuildConfiguration;
			buildSettings = {
				ALWAYS_SEARCH_USER_PATHS = NO;
				CLANG_ANALYZER_NONNULL = YES;
				CLANG_ANALYZER_NUMBER_OBJECT_CONVERSION = YES_AGGRESSIVE;
				CLANG_CXX_LANGUAGE_STANDARD = "gnu++20";
				CLANG_ENABLE_MODULES = YES;
				CLANG_ENABLE_OBJC_ARC = YES;
				CLANG_ENABLE_OBJC_WEAK = YES;
				CLANG_WARN_BLOCK_CAPTURE_AUTORELEASING = YES;
				CLANG_WARN_BOOL_CONVERSION = YES;
				CLANG_WARN_COMMA = YES;
				CLANG_WARN_CONSTANT_CONVERSION = YES;
				CLANG_WARN_DEPRECATED_OBJC_IMPLEMENTATIONS = YES;
				CLANG_WARN_DIRECT_OBJC_ISA_USAGE = YES_ERROR;
				CLANG_WARN_DOCUMENTATION_COMMENTS = YES;
				CLANG_WARN_EMPTY_BODY = YES;
				CLANG_WARN_ENUM_CONVERSION = YES;
				CLANG_WARN_INFINITE_RECURSION = YES;
				CLANG_WARN_INT_CONVERSION = YES;
				CLANG_WARN_NON_LITERAL_NULL_CONVERSION = YES;
				CLANG_WARN_OBJC_IMPLICIT_RETAIN_SELF = YES;
				CLANG_WARN_OBJC_LITERAL_CONVERSION = YES;
				CLANG_WARN_OBJC_ROOT_CLASS = YES_ERROR;
				CLANG_WARN_QUOTED_INCLUDE_IN_FRAMEWORK_HEADER = YES;
				CLANG_WARN_RANGE_LOOP_ANALYSIS = YES;
				CLANG_WARN_STRICT_PROTOTYPES = YES;
				CLANG_WARN_SUSPICIOUS_MOVE = YES;
				CLANG_WARN_UNGUARDED_AVAILABILITY = YES_AGGRESSIVE;
				CLANG_WARN_UNREACHABLE_CODE = YES;
				CLANG_WARN__DUPLICATE_METHOD_MATCH = YES;
				COPY_PHASE_STRIP = NO;
				DEBUG_INFORMATION_FORMAT = "dwarf-with-dsym";
				ENABLE_NS_ASSERTIONS = NO;
				ENABLE_STRICT_OBJC_MSGSEND = YES;
				GCC_C_LANGUAGE_STANDARD = gnu11;
				GCC_NO_COMMON_BLOCKS = YES;
				GCC_WARN_64_TO_32_BIT_CONVERSION = YES;
				GCC_WARN_ABOUT_RETURN_TYPE = YES_ERROR;
				GCC_WARN_UNDECLARED_SELECTOR = YES;
				GCC_WARN_UNINITIALIZED_AUTOS = YES_AGGRESSIVE;
				GCC_WARN_UNUSED_FUNCTION = YES;
				GCC_WARN_UNUSED_VARIABLE = YES;
				IPHONEOS_DEPLOYMENT_TARGET = 16.4;
				MTL_ENABLE_DEBUG_INFO = NO;
				MTL_FAST_MATH = YES;
				SDKROOT = iphoneos;
				SWIFT_COMPILATION_MODE = wholemodule;
				SWIFT_OPTIMIZATION_LEVEL = "-O";
				VALIDATE_PRODUCT = YES;
			};
			name = Release;
		};
		8CA840CE2A53F53C0039CE51 /* Debug */ = {
			isa = XCBuildConfiguration;
			buildSettings = {
				ASSETCATALOG_COMPILER_APPICON_NAME = AppIcon;
				ASSETCATALOG_COMPILER_GLOBAL_ACCENT_COLOR_NAME = AccentColor;
				CODE_SIGN_STYLE = Automatic;
				CURRENT_PROJECT_VERSION = 1;
				DEVELOPMENT_TEAM = G2383MZ9YC;
				GENERATE_INFOPLIST_FILE = YES;
				INFOPLIST_FILE = TicTacToe/Info.plist;
				INFOPLIST_KEY_UIApplicationSupportsIndirectInputEvents = YES;
				INFOPLIST_KEY_UILaunchStoryboardName = LaunchScreen;
				INFOPLIST_KEY_UIMainStoryboardFile = Main;
				INFOPLIST_KEY_UISupportedInterfaceOrientations_iPad = "UIInterfaceOrientationPortrait UIInterfaceOrientationPortraitUpsideDown UIInterfaceOrientationLandscapeLeft UIInterfaceOrientationLandscapeRight";
				INFOPLIST_KEY_UISupportedInterfaceOrientations_iPhone = "UIInterfaceOrientationPortrait UIInterfaceOrientationLandscapeLeft UIInterfaceOrientationLandscapeRight";
				LD_RUNPATH_SEARCH_PATHS = (
					"$(inherited)",
					"@executable_path/Frameworks",
				);
				MARKETING_VERSION = 1.0;
				PRODUCT_BUNDLE_IDENTIFIER = teamVaibhav.com.TicTacToe;
				PRODUCT_NAME = "$(TARGET_NAME)";
				SWIFT_EMIT_LOC_STRINGS = YES;
				SWIFT_VERSION = 5.0;
				TARGETED_DEVICE_FAMILY = "1,2";
			};
			name = Debug;
		};
		8CA840CF2A53F53C0039CE51 /* Release */ = {
			isa = XCBuildConfiguration;
			buildSettings = {
				ASSETCATALOG_COMPILER_APPICON_NAME = AppIcon;
				ASSETCATALOG_COMPILER_GLOBAL_ACCENT_COLOR_NAME = AccentColor;
				CODE_SIGN_STYLE = Automatic;
				CURRENT_PROJECT_VERSION = 1;
				DEVELOPMENT_TEAM = G2383MZ9YC;
				GENERATE_INFOPLIST_FILE = YES;
				INFOPLIST_FILE = TicTacToe/Info.plist;
				INFOPLIST_KEY_UIApplicationSupportsIndirectInputEvents = YES;
				INFOPLIST_KEY_UILaunchStoryboardName = LaunchScreen;
				INFOPLIST_KEY_UIMainStoryboardFile = Main;
				INFOPLIST_KEY_UISupportedInterfaceOrientations_iPad = "UIInterfaceOrientationPortrait UIInterfaceOrientationPortraitUpsideDown UIInterfaceOrientationLandscapeLeft UIInterfaceOrientationLandscapeRight";
				INFOPLIST_KEY_UISupportedInterfaceOrientations_iPhone = "UIInterfaceOrientationPortrait UIInterfaceOrientationLandscapeLeft UIInterfaceOrientationLandscapeRight";
				LD_RUNPATH_SEARCH_PATHS = (
					"$(inherited)",
					"@executable_path/Frameworks",
				);
				MARKETING_VERSION = 1.0;
				PRODUCT_BUNDLE_IDENTIFIER = teamVaibhav.com.TicTacToe;
				PRODUCT_NAME = "$(TARGET_NAME)";
				SWIFT_EMIT_LOC_STRINGS = YES;
				SWIFT_VERSION = 5.0;
				TARGETED_DEVICE_FAMILY = "1,2";
			};
			name = Release;
		};
/* End XCBuildConfiguration section */

/* Begin XCConfigurationList section */
		8CA840B42A53F53C0039CE51 /* Build configuration list for PBXProject "TicTacToe" */ = {
			isa = XCConfigurationList;
			buildConfigurations = (
				8CA840CB2A53F53C0039CE51 /* Debug */,
				8CA840CC2A53F53C0039CE51 /* Release */,
			);
			defaultConfigurationIsVisible = 0;
			defaultConfigurationName = Release;
		};
		8CA840CD2A53F53C0039CE51 /* Build configuration list for PBXNativeTarget "TicTacToe" */ = {
			isa = XCConfigurationList;
			buildConfigurations = (
				8CA840CE2A53F53C0039CE51 /* Debug */,
				8CA840CF2A53F53C0039CE51 /* Release */,
			);
			defaultConfigurationIsVisible = 0;
			defaultConfigurationName = Release;
		};
/* End XCConfigurationList section */
	};
	rootObject = 8CA840B12A53F53C0039CE51 /* Project object */;
}
